
Microsoft Visual Studio Solution File, Format Version 12.00
# Visual Studio Version 17
VisualStudioVersion = 17.6.33815.320
MinimumVisualStudioVersion = 10.0.40219.1
Project("{9A19103F-16F7-4668-BE54-9A1E7A4F7556}") = "UFSIN", "UFSIN\UFSIN.csproj", "{7A6C3CA6-42E5-4E49-B171-E1DE07640294}"
EndProject
Project("{FAE04EC0-301F-11D3-BF4B-00C04F79EFBC}") = "UFSIN.Tests", "UFSIN.Tests\UFSIN.Tests.csproj", "{076BDCFF-F816-4567-AB96-E4BE3EC01EEC}"
EndProject
Global
	GlobalSection(SolutionConfigurationPlatforms) = preSolution
		Debug|Any CPU = Debug|Any CPU
		Release|Any CPU = Release|Any CPU
	EndGlobalSection
	GlobalSection(ProjectConfigurationPlatforms) = postSolution
		{7A6C3CA6-42E5-4E49-B171-E1DE07640294}.Debug|Any CPU.ActiveCfg = Debug|Any CPU
		{7A6C3CA6-42E5-4E49-B171-E1DE07640294}.Debug|Any CPU.Build.0 = Debug|Any CPU
		{7A6C3CA6-42E5-4E49-B171-E1DE07640294}.Release|Any CPU.ActiveCfg = Release|Any CPU
		{7A6C3CA6-42E5-4E49-B171-E1DE07640294}.Release|Any CPU.Build.0 = Release|Any CPU
		{076BDCFF-F816-4567-AB96-E4BE3EC01EEC}.Debug|Any CPU.ActiveCfg = Debug|Any CPU
		{076BDCFF-F816-4567-AB96-E4BE3EC01EEC}.Debug|Any CPU.Build.0 = Debug|Any CPU
		{076BDCFF-F816-4567-AB96-E4BE3EC01EEC}.Release|Any CPU.ActiveCfg = Release|Any CPU
		{076BDCFF-F816-4567-AB96-E4BE3EC01EEC}.Release|Any CPU.Build.0 = Release|Any CPU
	EndGlobalSection
	GlobalSection(SolutionProperties) = preSolution
		HideSolutionNode = FALSE
	EndGlobalSection
	GlobalSection(ExtensibilityGlobals) = postSolution
		SolutionGuid = {838FEEBF-3D7F-4100-9530-11B9D9D2B416}
	EndGlobalSection
EndGlobal
